
Microsoft Visual Studio Solution File, Format Version 12.00
# Visual Studio Version 17
VisualStudioVersion = 17.11.35222.181
MinimumVisualStudioVersion = 10.0.40219.1
Project("{2150E333-8FDC-42A3-9474-1A3956D46DE8}") = "Plugins", "Plugins", "{6EEF1863-F5D2-4DBC-9505-A4018E8EEADC}"
EndProject
Project("{FAE04EC0-301F-11D3-BF4B-00C04F79EFBC}") = "SamplePluginNetFramework", "plugins\SamplePluginNetFramework\SamplePluginNetFramework.csproj", "{19441A0B-ACC4-4623-B1AE-B9FA95FB0DCD}"
EndProject
Project("{9A19103F-16F7-4668-BE54-9A1E7A4F7556}") = "SamplePluginNet8", "plugins\SamplePluginNet8\SamplePluginNet8.csproj", "{B318E7AF-DF31-4C6B-B0D2-1F7877B9F102}"
EndProject
Project("{9A19103F-16F7-4668-BE54-9A1E7A4F7556}") = "ButtonsNet8", "plugins\ButtonsNet8\ButtonsNet8.csproj", "{38B82936-A034-426E-AA4C-F0A92B4ECCE6}"
EndProject
Project("{9A19103F-16F7-4668-BE54-9A1E7A4F7556}") = "CreateObjects", "plugins\CreateObjects\CreateObjects.csproj", "{AB5FC84F-E21A-4035-95D4-04A5188A55D9}"
EndProject
Project("{9A19103F-16F7-4668-BE54-9A1E7A4F7556}") = "SelectObjects", "plugins\SelectObjects\SelectObjects.csproj", "{D7F7C520-6040-4EAB-AD8E-BE6E4517AB41}"
EndProject
Project("{9A19103F-16F7-4668-BE54-9A1E7A4F7556}") = "RengaAppInfo", "plugins\RengaAppInfo\RengaAppInfo.csproj", "{1ACD60E2-790D-4352-8B3D-19700D9BCC6D}"
EndProject
Project("{9A19103F-16F7-4668-BE54-9A1E7A4F7556}") = "ColumnInfo", "plugins\ColumnInfo\ColumnInfo.csproj", "{F6F59621-4BE4-48AA-AC90-FD00858394D0}"
EndProject
Project("{9A19103F-16F7-4668-BE54-9A1E7A4F7556}") = "ContextMenu", "plugins\ContextMenu\ContextMenu.csproj", "{961AD82A-0F1D-46A6-A6E2-6E9D7892EDEA}"
EndProject
Global
	GlobalSection(SolutionConfigurationPlatforms) = preSolution
		Debug|Any CPU = Debug|Any CPU
		Release|Any CPU = Release|Any CPU
	EndGlobalSection
	GlobalSection(ProjectConfigurationPlatforms) = postSolution
		{19441A0B-ACC4-4623-B1AE-B9FA95FB0DCD}.Debug|Any CPU.ActiveCfg = Debug|Any CPU
		{19441A0B-ACC4-4623-B1AE-B9FA95FB0DCD}.Debug|Any CPU.Build.0 = Debug|Any CPU
		{19441A0B-ACC4-4623-B1AE-B9FA95FB0DCD}.Release|Any CPU.ActiveCfg = Release|Any CPU
		{19441A0B-ACC4-4623-B1AE-B9FA95FB0DCD}.Release|Any CPU.Build.0 = Release|Any CPU
		{B318E7AF-DF31-4C6B-B0D2-1F7877B9F102}.Debug|Any CPU.ActiveCfg = Debug|Any CPU
		{B318E7AF-DF31-4C6B-B0D2-1F7877B9F102}.Debug|Any CPU.Build.0 = Debug|Any CPU
		{B318E7AF-DF31-4C6B-B0D2-1F7877B9F102}.Release|Any CPU.ActiveCfg = Release|Any CPU
		{B318E7AF-DF31-4C6B-B0D2-1F7877B9F102}.Release|Any CPU.Build.0 = Release|Any CPU
		{38B82936-A034-426E-AA4C-F0A92B4ECCE6}.Debug|Any CPU.ActiveCfg = Debug|Any CPU
		{38B82936-A034-426E-AA4C-F0A92B4ECCE6}.Debug|Any CPU.Build.0 = Debug|Any CPU
		{38B82936-A034-426E-AA4C-F0A92B4ECCE6}.Release|Any CPU.ActiveCfg = Release|Any CPU
		{38B82936-A034-426E-AA4C-F0A92B4ECCE6}.Release|Any CPU.Build.0 = Release|Any CPU
		{AB5FC84F-E21A-4035-95D4-04A5188A55D9}.Debug|Any CPU.ActiveCfg = Debug|Any CPU
		{AB5FC84F-E21A-4035-95D4-04A5188A55D9}.Debug|Any CPU.Build.0 = Debug|Any CPU
		{AB5FC84F-E21A-4035-95D4-04A5188A55D9}.Release|Any CPU.ActiveCfg = Release|Any CPU
		{AB5FC84F-E21A-4035-95D4-04A5188A55D9}.Release|Any CPU.Build.0 = Release|Any CPU
		{D7F7C520-6040-4EAB-AD8E-BE6E4517AB41}.Debug|Any CPU.ActiveCfg = Debug|Any CPU
		{D7F7C520-6040-4EAB-AD8E-BE6E4517AB41}.Debug|Any CPU.Build.0 = Debug|Any CPU
		{D7F7C520-6040-4EAB-AD8E-BE6E4517AB41}.Release|Any CPU.ActiveCfg = Release|Any CPU
		{D7F7C520-6040-4EAB-AD8E-BE6E4517AB41}.Release|Any CPU.Build.0 = Release|Any CPU
		{1ACD60E2-790D-4352-8B3D-19700D9BCC6D}.Debug|Any CPU.ActiveCfg = Debug|Any CPU
		{1ACD60E2-790D-4352-8B3D-19700D9BCC6D}.Debug|Any CPU.Build.0 = Debug|Any CPU
		{1ACD60E2-790D-4352-8B3D-19700D9BCC6D}.Release|Any CPU.ActiveCfg = Release|Any CPU
		{1ACD60E2-790D-4352-8B3D-19700D9BCC6D}.Release|Any CPU.Build.0 = Release|Any CPU
		{F6F59621-4BE4-48AA-AC90-FD00858394D0}.Debug|Any CPU.ActiveCfg = Debug|Any CPU
		{F6F59621-4BE4-48AA-AC90-FD00858394D0}.Debug|Any CPU.Build.0 = Debug|Any CPU
		{F6F59621-4BE4-48AA-AC90-FD00858394D0}.Release|Any CPU.ActiveCfg = Release|Any CPU
		{F6F59621-4BE4-48AA-AC90-FD00858394D0}.Release|Any CPU.Build.0 = Release|Any CPU
		{961AD82A-0F1D-46A6-A6E2-6E9D7892EDEA}.Debug|Any CPU.ActiveCfg = Debug|Any CPU
		{961AD82A-0F1D-46A6-A6E2-6E9D7892EDEA}.Debug|Any CPU.Build.0 = Debug|Any CPU
		{961AD82A-0F1D-46A6-A6E2-6E9D7892EDEA}.Release|Any CPU.ActiveCfg = Release|Any CPU
		{961AD82A-0F1D-46A6-A6E2-6E9D7892EDEA}.Release|Any CPU.Build.0 = Release|Any CPU
	EndGlobalSection
	GlobalSection(SolutionProperties) = preSolution
		HideSolutionNode = FALSE
	EndGlobalSection
	GlobalSection(NestedProjects) = preSolution
		{19441A0B-ACC4-4623-B1AE-B9FA95FB0DCD} = {6EEF1863-F5D2-4DBC-9505-A4018E8EEADC}
		{B318E7AF-DF31-4C6B-B0D2-1F7877B9F102} = {6EEF1863-F5D2-4DBC-9505-A4018E8EEADC}
		{38B82936-A034-426E-AA4C-F0A92B4ECCE6} = {6EEF1863-F5D2-4DBC-9505-A4018E8EEADC}
		{AB5FC84F-E21A-4035-95D4-04A5188A55D9} = {6EEF1863-F5D2-4DBC-9505-A4018E8EEADC}
		{D7F7C520-6040-4EAB-AD8E-BE6E4517AB41} = {6EEF1863-F5D2-4DBC-9505-A4018E8EEADC}
		{1ACD60E2-790D-4352-8B3D-19700D9BCC6D} = {6EEF1863-F5D2-4DBC-9505-A4018E8EEADC}
		{F6F59621-4BE4-48AA-AC90-FD00858394D0} = {6EEF1863-F5D2-4DBC-9505-A4018E8EEADC}
		{961AD82A-0F1D-46A6-A6E2-6E9D7892EDEA} = {6EEF1863-F5D2-4DBC-9505-A4018E8EEADC}
	EndGlobalSection
	GlobalSection(ExtensibilityGlobals) = postSolution
		SolutionGuid = {F88347E4-EB29-4AE1-A675-D822226ED20F}
	EndGlobalSection
EndGlobal
