
Microsoft Visual Studio Solution File, Format Version 12.00
# Visual Studio Version 17
VisualStudioVersion = 17.11.35222.181
MinimumVisualStudioVersion = 10.0.40219.1
Project("{2150E333-8FDC-42A3-9474-1A3956D46DE8}") = "Plugins", "Plugins", "{6EEF1863-F5D2-4DBC-9505-A4018E8EEADC}"
EndProject
Project("{FAE04EC0-301F-11D3-BF4B-00C04F79EFBC}") = "SamplePluginNetFramework", "plugins\SamplePluginNetFramework\SamplePluginNetFramework.csproj", "{19441A0B-ACC4-4623-B1AE-B9FA95FB0DCD}"
EndProject
Project("{9A19103F-16F7-4668-BE54-9A1E7A4F7556}") = "SamplePluginNet8", "plugins\SamplePluginNet8\SamplePluginNet8.csproj", "{B318E7AF-DF31-4C6B-B0D2-1F7877B9F102}"
EndProject
Project("{9A19103F-16F7-4668-BE54-9A1E7A4F7556}") = "ButtonsNet8", "plugins\UI\ButtonsNet8\ButtonsNet8.csproj", "{38B82936-A034-426E-AA4C-F0A92B4ECCE6}"
EndProject
Project("{9A19103F-16F7-4668-BE54-9A1E7A4F7556}") = "CreateObjects", "plugins\CreateRengaObjects\CreateObjects\CreateObjects.csproj", "{AB5FC84F-E21A-4035-95D4-04A5188A55D9}"
EndProject
Project("{9A19103F-16F7-4668-BE54-9A1E7A4F7556}") = "SelectObjects", "plugins\SelectObjects\SelectObjects.csproj", "{D7F7C520-6040-4EAB-AD8E-BE6E4517AB41}"
EndProject
Project("{9A19103F-16F7-4668-BE54-9A1E7A4F7556}") = "RengaAppInfo", "plugins\RengaAppInfo\RengaAppInfo.csproj", "{1ACD60E2-790D-4352-8B3D-19700D9BCC6D}"
EndProject
Project("{9A19103F-16F7-4668-BE54-9A1E7A4F7556}") = "ColumnInfo", "plugins\ColumnInfo\ColumnInfo.csproj", "{F6F59621-4BE4-48AA-AC90-FD00858394D0}"
EndProject
Project("{9A19103F-16F7-4668-BE54-9A1E7A4F7556}") = "ContextMenu", "plugins\UI\ContextMenu\ContextMenu.csproj", "{961AD82A-0F1D-46A6-A6E2-6E9D7892EDEA}"
EndProject
Project("{9A19103F-16F7-4668-BE54-9A1E7A4F7556}") = "ControlStateManagement", "plugins\ControlStateManagement\ControlStateManagement.csproj", "{116D0F8C-3AA3-4762-8CF9-33B6BEB2113C}"
EndProject
Project("{9A19103F-16F7-4668-BE54-9A1E7A4F7556}") = "ExportGeometry", "plugins\ExportGeometry\ExportGeometry.csproj", "{824638C1-D246-4E06-ABD0-F43C382FE254}"
EndProject
Project("{9A19103F-16F7-4668-BE54-9A1E7A4F7556}") = "GeometryGridTypes", "plugins\GeometryGridTypes\GeometryGridTypes.csproj", "{B517E656-084E-476A-88DF-801650748951}"
EndProject
Project("{9A19103F-16F7-4668-BE54-9A1E7A4F7556}") = "MaterialExport", "plugins\MaterialExport\MaterialExport.csproj", "{CF34AD07-C2DC-4C7C-B89C-690EEDFA3656}"
EndProject
Project("{9A19103F-16F7-4668-BE54-9A1E7A4F7556}") = "ColumnMaterialQuantity", "plugins\ColumnMaterialQuantity\ColumnMaterialQuantity.csproj", "{40510B63-C31E-4E30-8BFD-E860624878CB}"
EndProject
Project("{9A19103F-16F7-4668-BE54-9A1E7A4F7556}") = "RebarQuantity", "plugins\RebarQuantity\RebarQuantity.csproj", "{74889D95-4C5D-4468-B9DC-AFDF61F8E947}"
EndProject
Project("{9A19103F-16F7-4668-BE54-9A1E7A4F7556}") = "ObjectPlacementModifying", "plugins\ObjectPlacementModifying\ObjectPlacementModifying.csproj", "{AD2D8468-DF5C-4C9A-B5FC-CA309FF59FFB}"
EndProject
Project("{9A19103F-16F7-4668-BE54-9A1E7A4F7556}") = "Properties", "plugins\Properties\Properties.csproj", "{5D2B49E7-9611-4779-BD55-192D79B2BBB2}"
EndProject
Project("{9A19103F-16F7-4668-BE54-9A1E7A4F7556}") = "Parameters", "plugins\Parameters\Parameters.csproj", "{94708FC5-9ABC-401E-BD6C-6995CAB61E14}"
EndProject
Project("{9A19103F-16F7-4668-BE54-9A1E7A4F7556}") = "SystemEvents", "plugins\SystemEvents\SystemEvents.csproj", "{4D75C2BE-6F5B-410B-9D73-FB259B39A828}"
EndProject
Project("{9A19103F-16F7-4668-BE54-9A1E7A4F7556}") = "ViewSwitching", "plugins\ViewSwitching\ViewSwitching.csproj", "{A6F6209E-355C-43A6-945E-E3AA5EF0572E}"
EndProject
Project("{9A19103F-16F7-4668-BE54-9A1E7A4F7556}") = "VisualStylesAndVisibility", "plugins\VisualStylesAndVisibility\VisualStylesAndVisibility.csproj", "{43D68ABE-7921-485D-B9F9-16D5ED76D81A}"
EndProject
Project("{2150E333-8FDC-42A3-9474-1A3956D46DE8}") = "Applications", "Applications", "{D9DBF8AA-FBC9-41EF-9C67-B3E4AD1864D5}"
EndProject
Project("{9A19103F-16F7-4668-BE54-9A1E7A4F7556}") = "TestNet8Application", "applications\TestNet8Application\TestNet8Application.csproj", "{1CC9E5B5-345A-4581-B4B6-184F5AD69A24}"
EndProject
Project("{9A19103F-16F7-4668-BE54-9A1E7A4F7556}") = "Export", "applications\Export\Export.csproj", "{AC9CC664-05B8-4EF2-AC12-DED5CA3B4CF9}"
EndProject
Project("{9A19103F-16F7-4668-BE54-9A1E7A4F7556}") = "OpenClose", "applications\OpenClose\OpenClose.csproj", "{EAB3AA79-F7AB-4655-88C4-D2D44A97A6A2}"
EndProject
Project("{2150E333-8FDC-42A3-9474-1A3956D46DE8}") = "UI", "UI", "{D8A117A4-180B-4D60-A9BD-7BA452D3A679}"
EndProject
Project("{2150E333-8FDC-42A3-9474-1A3956D46DE8}") = "CreateRengaObjects", "CreateRengaObjects", "{4B4C4137-BAB9-4AD9-A53B-821C86CADD61}"
EndProject
Global
	GlobalSection(SolutionConfigurationPlatforms) = preSolution
		Debug|Any CPU = Debug|Any CPU
		Release|Any CPU = Release|Any CPU
	EndGlobalSection
	GlobalSection(ProjectConfigurationPlatforms) = postSolution
		{19441A0B-ACC4-4623-B1AE-B9FA95FB0DCD}.Debug|Any CPU.ActiveCfg = Debug|Any CPU
		{19441A0B-ACC4-4623-B1AE-B9FA95FB0DCD}.Debug|Any CPU.Build.0 = Debug|Any CPU
		{19441A0B-ACC4-4623-B1AE-B9FA95FB0DCD}.Release|Any CPU.ActiveCfg = Release|Any CPU
		{19441A0B-ACC4-4623-B1AE-B9FA95FB0DCD}.Release|Any CPU.Build.0 = Release|Any CPU
		{B318E7AF-DF31-4C6B-B0D2-1F7877B9F102}.Debug|Any CPU.ActiveCfg = Debug|Any CPU
		{B318E7AF-DF31-4C6B-B0D2-1F7877B9F102}.Debug|Any CPU.Build.0 = Debug|Any CPU
		{B318E7AF-DF31-4C6B-B0D2-1F7877B9F102}.Release|Any CPU.ActiveCfg = Release|Any CPU
		{B318E7AF-DF31-4C6B-B0D2-1F7877B9F102}.Release|Any CPU.Build.0 = Release|Any CPU
		{38B82936-A034-426E-AA4C-F0A92B4ECCE6}.Debug|Any CPU.ActiveCfg = Debug|Any CPU
		{38B82936-A034-426E-AA4C-F0A92B4ECCE6}.Debug|Any CPU.Build.0 = Debug|Any CPU
		{38B82936-A034-426E-AA4C-F0A92B4ECCE6}.Release|Any CPU.ActiveCfg = Release|Any CPU
		{38B82936-A034-426E-AA4C-F0A92B4ECCE6}.Release|Any CPU.Build.0 = Release|Any CPU
		{AB5FC84F-E21A-4035-95D4-04A5188A55D9}.Debug|Any CPU.ActiveCfg = Debug|Any CPU
		{AB5FC84F-E21A-4035-95D4-04A5188A55D9}.Debug|Any CPU.Build.0 = Debug|Any CPU
		{AB5FC84F-E21A-4035-95D4-04A5188A55D9}.Release|Any CPU.ActiveCfg = Release|Any CPU
		{AB5FC84F-E21A-4035-95D4-04A5188A55D9}.Release|Any CPU.Build.0 = Release|Any CPU
		{D7F7C520-6040-4EAB-AD8E-BE6E4517AB41}.Debug|Any CPU.ActiveCfg = Debug|Any CPU
		{D7F7C520-6040-4EAB-AD8E-BE6E4517AB41}.Debug|Any CPU.Build.0 = Debug|Any CPU
		{D7F7C520-6040-4EAB-AD8E-BE6E4517AB41}.Release|Any CPU.ActiveCfg = Release|Any CPU
		{D7F7C520-6040-4EAB-AD8E-BE6E4517AB41}.Release|Any CPU.Build.0 = Release|Any CPU
		{1ACD60E2-790D-4352-8B3D-19700D9BCC6D}.Debug|Any CPU.ActiveCfg = Debug|Any CPU
		{1ACD60E2-790D-4352-8B3D-19700D9BCC6D}.Debug|Any CPU.Build.0 = Debug|Any CPU
		{1ACD60E2-790D-4352-8B3D-19700D9BCC6D}.Release|Any CPU.ActiveCfg = Release|Any CPU
		{1ACD60E2-790D-4352-8B3D-19700D9BCC6D}.Release|Any CPU.Build.0 = Release|Any CPU
		{F6F59621-4BE4-48AA-AC90-FD00858394D0}.Debug|Any CPU.ActiveCfg = Debug|Any CPU
		{F6F59621-4BE4-48AA-AC90-FD00858394D0}.Debug|Any CPU.Build.0 = Debug|Any CPU
		{F6F59621-4BE4-48AA-AC90-FD00858394D0}.Release|Any CPU.ActiveCfg = Release|Any CPU
		{F6F59621-4BE4-48AA-AC90-FD00858394D0}.Release|Any CPU.Build.0 = Release|Any CPU
		{961AD82A-0F1D-46A6-A6E2-6E9D7892EDEA}.Debug|Any CPU.ActiveCfg = Debug|Any CPU
		{961AD82A-0F1D-46A6-A6E2-6E9D7892EDEA}.Debug|Any CPU.Build.0 = Debug|Any CPU
		{961AD82A-0F1D-46A6-A6E2-6E9D7892EDEA}.Release|Any CPU.ActiveCfg = Release|Any CPU
		{961AD82A-0F1D-46A6-A6E2-6E9D7892EDEA}.Release|Any CPU.Build.0 = Release|Any CPU
		{116D0F8C-3AA3-4762-8CF9-33B6BEB2113C}.Debug|Any CPU.ActiveCfg = Debug|Any CPU
		{116D0F8C-3AA3-4762-8CF9-33B6BEB2113C}.Debug|Any CPU.Build.0 = Debug|Any CPU
		{116D0F8C-3AA3-4762-8CF9-33B6BEB2113C}.Release|Any CPU.ActiveCfg = Release|Any CPU
		{116D0F8C-3AA3-4762-8CF9-33B6BEB2113C}.Release|Any CPU.Build.0 = Release|Any CPU
		{824638C1-D246-4E06-ABD0-F43C382FE254}.Debug|Any CPU.ActiveCfg = Debug|Any CPU
		{824638C1-D246-4E06-ABD0-F43C382FE254}.Debug|Any CPU.Build.0 = Debug|Any CPU
		{824638C1-D246-4E06-ABD0-F43C382FE254}.Release|Any CPU.ActiveCfg = Release|Any CPU
		{824638C1-D246-4E06-ABD0-F43C382FE254}.Release|Any CPU.Build.0 = Release|Any CPU
		{B517E656-084E-476A-88DF-801650748951}.Debug|Any CPU.ActiveCfg = Debug|Any CPU
		{B517E656-084E-476A-88DF-801650748951}.Debug|Any CPU.Build.0 = Debug|Any CPU
		{B517E656-084E-476A-88DF-801650748951}.Release|Any CPU.ActiveCfg = Release|Any CPU
		{B517E656-084E-476A-88DF-801650748951}.Release|Any CPU.Build.0 = Release|Any CPU
		{CF34AD07-C2DC-4C7C-B89C-690EEDFA3656}.Debug|Any CPU.ActiveCfg = Debug|Any CPU
		{CF34AD07-C2DC-4C7C-B89C-690EEDFA3656}.Debug|Any CPU.Build.0 = Debug|Any CPU
		{CF34AD07-C2DC-4C7C-B89C-690EEDFA3656}.Release|Any CPU.ActiveCfg = Release|Any CPU
		{CF34AD07-C2DC-4C7C-B89C-690EEDFA3656}.Release|Any CPU.Build.0 = Release|Any CPU
		{40510B63-C31E-4E30-8BFD-E860624878CB}.Debug|Any CPU.ActiveCfg = Debug|Any CPU
		{40510B63-C31E-4E30-8BFD-E860624878CB}.Debug|Any CPU.Build.0 = Debug|Any CPU
		{40510B63-C31E-4E30-8BFD-E860624878CB}.Release|Any CPU.ActiveCfg = Release|Any CPU
		{40510B63-C31E-4E30-8BFD-E860624878CB}.Release|Any CPU.Build.0 = Release|Any CPU
		{74889D95-4C5D-4468-B9DC-AFDF61F8E947}.Debug|Any CPU.ActiveCfg = Debug|Any CPU
		{74889D95-4C5D-4468-B9DC-AFDF61F8E947}.Debug|Any CPU.Build.0 = Debug|Any CPU
		{74889D95-4C5D-4468-B9DC-AFDF61F8E947}.Release|Any CPU.ActiveCfg = Release|Any CPU
		{74889D95-4C5D-4468-B9DC-AFDF61F8E947}.Release|Any CPU.Build.0 = Release|Any CPU
		{AD2D8468-DF5C-4C9A-B5FC-CA309FF59FFB}.Debug|Any CPU.ActiveCfg = Debug|Any CPU
		{AD2D8468-DF5C-4C9A-B5FC-CA309FF59FFB}.Debug|Any CPU.Build.0 = Debug|Any CPU
		{AD2D8468-DF5C-4C9A-B5FC-CA309FF59FFB}.Release|Any CPU.ActiveCfg = Release|Any CPU
		{AD2D8468-DF5C-4C9A-B5FC-CA309FF59FFB}.Release|Any CPU.Build.0 = Release|Any CPU
		{5D2B49E7-9611-4779-BD55-192D79B2BBB2}.Debug|Any CPU.ActiveCfg = Debug|Any CPU
		{5D2B49E7-9611-4779-BD55-192D79B2BBB2}.Debug|Any CPU.Build.0 = Debug|Any CPU
		{5D2B49E7-9611-4779-BD55-192D79B2BBB2}.Release|Any CPU.ActiveCfg = Release|Any CPU
		{5D2B49E7-9611-4779-BD55-192D79B2BBB2}.Release|Any CPU.Build.0 = Release|Any CPU
		{94708FC5-9ABC-401E-BD6C-6995CAB61E14}.Debug|Any CPU.ActiveCfg = Debug|Any CPU
		{94708FC5-9ABC-401E-BD6C-6995CAB61E14}.Debug|Any CPU.Build.0 = Debug|Any CPU
		{94708FC5-9ABC-401E-BD6C-6995CAB61E14}.Release|Any CPU.ActiveCfg = Release|Any CPU
		{94708FC5-9ABC-401E-BD6C-6995CAB61E14}.Release|Any CPU.Build.0 = Release|Any CPU
		{4D75C2BE-6F5B-410B-9D73-FB259B39A828}.Debug|Any CPU.ActiveCfg = Debug|Any CPU
		{4D75C2BE-6F5B-410B-9D73-FB259B39A828}.Debug|Any CPU.Build.0 = Debug|Any CPU
		{4D75C2BE-6F5B-410B-9D73-FB259B39A828}.Release|Any CPU.ActiveCfg = Release|Any CPU
		{4D75C2BE-6F5B-410B-9D73-FB259B39A828}.Release|Any CPU.Build.0 = Release|Any CPU
		{A6F6209E-355C-43A6-945E-E3AA5EF0572E}.Debug|Any CPU.ActiveCfg = Debug|Any CPU
		{A6F6209E-355C-43A6-945E-E3AA5EF0572E}.Debug|Any CPU.Build.0 = Debug|Any CPU
		{A6F6209E-355C-43A6-945E-E3AA5EF0572E}.Release|Any CPU.ActiveCfg = Release|Any CPU
		{A6F6209E-355C-43A6-945E-E3AA5EF0572E}.Release|Any CPU.Build.0 = Release|Any CPU
		{43D68ABE-7921-485D-B9F9-16D5ED76D81A}.Debug|Any CPU.ActiveCfg = Debug|Any CPU
		{43D68ABE-7921-485D-B9F9-16D5ED76D81A}.Debug|Any CPU.Build.0 = Debug|Any CPU
		{43D68ABE-7921-485D-B9F9-16D5ED76D81A}.Release|Any CPU.ActiveCfg = Release|Any CPU
		{43D68ABE-7921-485D-B9F9-16D5ED76D81A}.Release|Any CPU.Build.0 = Release|Any CPU
		{1CC9E5B5-345A-4581-B4B6-184F5AD69A24}.Debug|Any CPU.ActiveCfg = Debug|Any CPU
		{1CC9E5B5-345A-4581-B4B6-184F5AD69A24}.Debug|Any CPU.Build.0 = Debug|Any CPU
		{1CC9E5B5-345A-4581-B4B6-184F5AD69A24}.Release|Any CPU.ActiveCfg = Release|Any CPU
		{1CC9E5B5-345A-4581-B4B6-184F5AD69A24}.Release|Any CPU.Build.0 = Release|Any CPU
		{AC9CC664-05B8-4EF2-AC12-DED5CA3B4CF9}.Debug|Any CPU.ActiveCfg = Debug|Any CPU
		{AC9CC664-05B8-4EF2-AC12-DED5CA3B4CF9}.Debug|Any CPU.Build.0 = Debug|Any CPU
		{AC9CC664-05B8-4EF2-AC12-DED5CA3B4CF9}.Release|Any CPU.ActiveCfg = Release|Any CPU
		{AC9CC664-05B8-4EF2-AC12-DED5CA3B4CF9}.Release|Any CPU.Build.0 = Release|Any CPU
		{EAB3AA79-F7AB-4655-88C4-D2D44A97A6A2}.Debug|Any CPU.ActiveCfg = Debug|Any CPU
		{EAB3AA79-F7AB-4655-88C4-D2D44A97A6A2}.Debug|Any CPU.Build.0 = Debug|Any CPU
		{EAB3AA79-F7AB-4655-88C4-D2D44A97A6A2}.Release|Any CPU.ActiveCfg = Release|Any CPU
		{EAB3AA79-F7AB-4655-88C4-D2D44A97A6A2}.Release|Any CPU.Build.0 = Release|Any CPU
	EndGlobalSection
	GlobalSection(SolutionProperties) = preSolution
		HideSolutionNode = FALSE
	EndGlobalSection
	GlobalSection(NestedProjects) = preSolution
		{19441A0B-ACC4-4623-B1AE-B9FA95FB0DCD} = {6EEF1863-F5D2-4DBC-9505-A4018E8EEADC}
		{B318E7AF-DF31-4C6B-B0D2-1F7877B9F102} = {6EEF1863-F5D2-4DBC-9505-A4018E8EEADC}
		{38B82936-A034-426E-AA4C-F0A92B4ECCE6} = {D8A117A4-180B-4D60-A9BD-7BA452D3A679}
		{AB5FC84F-E21A-4035-95D4-04A5188A55D9} = {4B4C4137-BAB9-4AD9-A53B-821C86CADD61}
		{D7F7C520-6040-4EAB-AD8E-BE6E4517AB41} = {6EEF1863-F5D2-4DBC-9505-A4018E8EEADC}
		{1ACD60E2-790D-4352-8B3D-19700D9BCC6D} = {6EEF1863-F5D2-4DBC-9505-A4018E8EEADC}
		{F6F59621-4BE4-48AA-AC90-FD00858394D0} = {6EEF1863-F5D2-4DBC-9505-A4018E8EEADC}
		{961AD82A-0F1D-46A6-A6E2-6E9D7892EDEA} = {D8A117A4-180B-4D60-A9BD-7BA452D3A679}
		{116D0F8C-3AA3-4762-8CF9-33B6BEB2113C} = {6EEF1863-F5D2-4DBC-9505-A4018E8EEADC}
		{824638C1-D246-4E06-ABD0-F43C382FE254} = {6EEF1863-F5D2-4DBC-9505-A4018E8EEADC}
		{B517E656-084E-476A-88DF-801650748951} = {6EEF1863-F5D2-4DBC-9505-A4018E8EEADC}
		{CF34AD07-C2DC-4C7C-B89C-690EEDFA3656} = {6EEF1863-F5D2-4DBC-9505-A4018E8EEADC}
		{40510B63-C31E-4E30-8BFD-E860624878CB} = {6EEF1863-F5D2-4DBC-9505-A4018E8EEADC}
		{74889D95-4C5D-4468-B9DC-AFDF61F8E947} = {6EEF1863-F5D2-4DBC-9505-A4018E8EEADC}
		{AD2D8468-DF5C-4C9A-B5FC-CA309FF59FFB} = {6EEF1863-F5D2-4DBC-9505-A4018E8EEADC}
		{5D2B49E7-9611-4779-BD55-192D79B2BBB2} = {6EEF1863-F5D2-4DBC-9505-A4018E8EEADC}
		{94708FC5-9ABC-401E-BD6C-6995CAB61E14} = {6EEF1863-F5D2-4DBC-9505-A4018E8EEADC}
		{4D75C2BE-6F5B-410B-9D73-FB259B39A828} = {6EEF1863-F5D2-4DBC-9505-A4018E8EEADC}
		{A6F6209E-355C-43A6-945E-E3AA5EF0572E} = {6EEF1863-F5D2-4DBC-9505-A4018E8EEADC}
		{43D68ABE-7921-485D-B9F9-16D5ED76D81A} = {6EEF1863-F5D2-4DBC-9505-A4018E8EEADC}
		{1CC9E5B5-345A-4581-B4B6-184F5AD69A24} = {D9DBF8AA-FBC9-41EF-9C67-B3E4AD1864D5}
		{AC9CC664-05B8-4EF2-AC12-DED5CA3B4CF9} = {D9DBF8AA-FBC9-41EF-9C67-B3E4AD1864D5}
		{EAB3AA79-F7AB-4655-88C4-D2D44A97A6A2} = {D9DBF8AA-FBC9-41EF-9C67-B3E4AD1864D5}
		{D8A117A4-180B-4D60-A9BD-7BA452D3A679} = {6EEF1863-F5D2-4DBC-9505-A4018E8EEADC}
		{4B4C4137-BAB9-4AD9-A53B-821C86CADD61} = {6EEF1863-F5D2-4DBC-9505-A4018E8EEADC}
	EndGlobalSection
	GlobalSection(ExtensibilityGlobals) = postSolution
		SolutionGuid = {F88347E4-EB29-4AE1-A675-D822226ED20F}
	EndGlobalSection
EndGlobal
