Microsoft Visual Studio Solution File, Format Version 12.00
# Visual Studio Version 17
VisualStudioVersion = 17.5.2.0
MinimumVisualStudioVersion = 10.0.40219.1
Project("{FAE04EC0-301F-11D3-BF4B-00C04F79EFBC}") = "GeometryGridTypes", "GeometryGridTypes.csproj", "{7DA83A31-20CF-FE7E-405F-0CFA99670456}"
EndProject
Global
	GlobalSection(SolutionConfigurationPlatforms) = preSolution
		Debug|Any CPU = Debug|Any CPU
		Release|Any CPU = Release|Any CPU
	EndGlobalSection
	GlobalSection(ProjectConfigurationPlatforms) = postSolution
		{7DA83A31-20CF-FE7E-405F-0CFA99670456}.Debug|Any CPU.ActiveCfg = Debug|Any CPU
		{7DA83A31-20CF-FE7E-405F-0CFA99670456}.Debug|Any CPU.Build.0 = Debug|Any CPU
		{7DA83A31-20CF-FE7E-405F-0CFA99670456}.Release|Any CPU.ActiveCfg = Release|Any CPU
		{7DA83A31-20CF-FE7E-405F-0CFA99670456}.Release|Any CPU.Build.0 = Release|Any CPU
	EndGlobalSection
	GlobalSection(SolutionProperties) = preSolution
		HideSolutionNode = FALSE
	EndGlobalSection
	GlobalSection(ExtensibilityGlobals) = postSolution
		SolutionGuid = {27EBCCDE-CFBF-44E3-BA9E-9C7E5C14F8E3}
	EndGlobalSection
EndGlobal
